<Solution>
  <Folder Name="/Solution Items/">
    <File Path="Directory.Build.props" />
    <File Path="Directory.Build.targets" />
  </Folder>
  <Project Path="Day01/Day01.csproj" />
  <Project Path="Day02/Day02.csproj" />
  <Project Path="Day03/Day03.csproj" Id="7f98620c-8969-4341-83f6-7ec965d556fc" />
  <Project Path="Day04/Day04.csproj" Id="fc753101-cc91-42de-9a27-f650b53fb825" />
  <Project Path="Shared/Shared.csproj" />
</Solution>
